
Microsoft Visual Studio Solution File, Format Version 12.00
# Visual Studio Version 16
VisualStudioVersion = 16.0.31729.503
MinimumVisualStudioVersion = 10.0.40219.1
Project("{FAE04EC0-301F-11D3-BF4B-00C04F79EFBC}") = "DataAccess", "DataAccess\DataAccess.csproj", "{065E52A6-9C0F-4435-B558-0A946ACD1CD2}"
EndProject
Project("{FAE04EC0-301F-11D3-BF4B-00C04F79EFBC}") = "Business", "Business\Business.csproj", "{5456F397-D1F3-4908-AB82-83B76C601D89}"
EndProject
Project("{FAE04EC0-301F-11D3-BF4B-00C04F79EFBC}") = "Entities", "Entities\Entities.csproj", "{AF291AE4-B641-4CBD-A6CF-89A870EBDF74}"
EndProject
Project("{FAE04EC0-301F-11D3-BF4B-00C04F79EFBC}") = "UI", "UI\UI.csproj", "{510B132A-CD5F-48EE-87D9-457D8B3BA5BB}"
EndProject
Global
	GlobalSection(SolutionConfigurationPlatforms) = preSolution
		Debug|Any CPU = Debug|Any CPU
		Release|Any CPU = Release|Any CPU
	EndGlobalSection
	GlobalSection(ProjectConfigurationPlatforms) = postSolution
		{065E52A6-9C0F-4435-B558-0A946ACD1CD2}.Debug|Any CPU.ActiveCfg = Debug|Any CPU
		{065E52A6-9C0F-4435-B558-0A946ACD1CD2}.Debug|Any CPU.Build.0 = Debug|Any CPU
		{065E52A6-9C0F-4435-B558-0A946ACD1CD2}.Release|Any CPU.ActiveCfg = Release|Any CPU
		{065E52A6-9C0F-4435-B558-0A946ACD1CD2}.Release|Any CPU.Build.0 = Release|Any CPU
		{5456F397-D1F3-4908-AB82-83B76C601D89}.Debug|Any CPU.ActiveCfg = Debug|Any CPU
		{5456F397-D1F3-4908-AB82-83B76C601D89}.Debug|Any CPU.Build.0 = Debug|Any CPU
		{5456F397-D1F3-4908-AB82-83B76C601D89}.Release|Any CPU.ActiveCfg = Release|Any CPU
		{5456F397-D1F3-4908-AB82-83B76C601D89}.Release|Any CPU.Build.0 = Release|Any CPU
		{AF291AE4-B641-4CBD-A6CF-89A870EBDF74}.Debug|Any CPU.ActiveCfg = Debug|Any CPU
		{AF291AE4-B641-4CBD-A6CF-89A870EBDF74}.Debug|Any CPU.Build.0 = Debug|Any CPU
		{AF291AE4-B641-4CBD-A6CF-89A870EBDF74}.Release|Any CPU.ActiveCfg = Release|Any CPU
		{AF291AE4-B641-4CBD-A6CF-89A870EBDF74}.Release|Any CPU.Build.0 = Release|Any CPU
		{510B132A-CD5F-48EE-87D9-457D8B3BA5BB}.Debug|Any CPU.ActiveCfg = Debug|Any CPU
		{510B132A-CD5F-48EE-87D9-457D8B3BA5BB}.Debug|Any CPU.Build.0 = Debug|Any CPU
		{510B132A-CD5F-48EE-87D9-457D8B3BA5BB}.Release|Any CPU.ActiveCfg = Release|Any CPU
		{510B132A-CD5F-48EE-87D9-457D8B3BA5BB}.Release|Any CPU.Build.0 = Release|Any CPU
	EndGlobalSection
	GlobalSection(SolutionProperties) = preSolution
		HideSolutionNode = FALSE
	EndGlobalSection
	GlobalSection(ExtensibilityGlobals) = postSolution
		SolutionGuid = {40F8CAF3-63DB-4759-904D-B09E8086CE22}
	EndGlobalSection
EndGlobal
